
Microsoft Visual Studio Solution File, Format Version 12.00
# Visual Studio Version 16
VisualStudioVersion = 16.0.810.16
MinimumVisualStudioVersion = 10.0.40219.1
Project("{FAE04EC0-301F-11D3-BF4B-00C04F79EFBC}") = "JoelHiltonProject", "JoelHiltonProject\JoelHiltonProject.csproj", "{F83AE7C3-C1E3-4572-9A97-1FBDF388A5AA}"
EndProject
Global
	GlobalSection(SolutionConfigurationPlatforms) = preSolution
		Debug|Any CPU = Debug|Any CPU
		Release|Any CPU = Release|Any CPU
	EndGlobalSection
	GlobalSection(ProjectConfigurationPlatforms) = postSolution
		{F83AE7C3-C1E3-4572-9A97-1FBDF388A5AA}.Debug|Any CPU.ActiveCfg = Debug|Any CPU
		{F83AE7C3-C1E3-4572-9A97-1FBDF388A5AA}.Debug|Any CPU.Build.0 = Debug|Any CPU
		{F83AE7C3-C1E3-4572-9A97-1FBDF388A5AA}.Release|Any CPU.ActiveCfg = Release|Any CPU
		{F83AE7C3-C1E3-4572-9A97-1FBDF388A5AA}.Release|Any CPU.Build.0 = Release|Any CPU
	EndGlobalSection
	GlobalSection(SolutionProperties) = preSolution
		HideSolutionNode = FALSE
	EndGlobalSection
	GlobalSection(ExtensibilityGlobals) = postSolution
		SolutionGuid = {712CDBAE-883E-4265-A8E8-4B8A5952A5E0}
	EndGlobalSection
EndGlobal
